// !$*UTF8*$!
{
   archiveVersion = "1";
   objectVersion = "46";
   objects = {
      "CryptoSwift::CryptoSwift" = {
         isa = "PBXNativeTarget";
         buildConfigurationList = "OBJ_151";
         buildPhases = (
            "OBJ_154",
            "OBJ_217",
         );
         dependencies = (
         );
         name = "CryptoSwift";
         productName = "CryptoSwift";
         productReference = "CryptoSwift::CryptoSwift::Product";
         productType = "com.apple.product-type.framework";
      };
      "CryptoSwift::CryptoSwift::Product" = {
         isa = "PBXFileReference";
         path = "CryptoSwift.framework";
         sourceTree = "BUILT_PRODUCTS_DIR";
      };
      "CryptoSwift::SwiftPMPackageDescription" = {
         isa = "PBXNativeTarget";
         buildConfigurationList = "OBJ_109";
         buildPhases = (
            "OBJ_112",
         );
         dependencies = (
         );
         name = "CryptoSwiftPackageDescription";
         productName = "CryptoSwiftPackageDescription";
         productType = "com.apple.product-type.framework";
      };
      "MessagePack::MessagePack" = {
         isa = "PBXNativeTarget";
         buildConfigurationList = "OBJ_139";
         buildPhases = (
            "OBJ_142",
            "OBJ_150",
         );
         dependencies = (
         );
         name = "MessagePack";
         productName = "MessagePack";
         productReference = "MessagePack::MessagePack::Product";
         productType = "com.apple.product-type.framework";
      };
      "MessagePack::MessagePack::Product" = {
         isa = "PBXFileReference";
         path = "MessagePack.framework";
         sourceTree = "BUILT_PRODUCTS_DIR";
      };
      "MessagePack::SwiftPMPackageDescription" = {
         isa = "PBXNativeTarget";
         buildConfigurationList = "OBJ_115";
         buildPhases = (
            "OBJ_118",
         );
         dependencies = (
         );
         name = "MessagePackPackageDescription";
         productName = "MessagePackPackageDescription";
         productType = "com.apple.product-type.framework";
      };
      "OBJ_1" = {
         isa = "PBXProject";
         attributes = {
            LastUpgradeCheck = "9999";
         };
         buildConfigurationList = "OBJ_2";
         compatibilityVersion = "Xcode 3.2";
         developmentRegion = "English";
         hasScannedForEncodings = "0";
         knownRegions = (
            "en",
         );
         mainGroup = "OBJ_5";
         productRefGroup = "OBJ_98";
         projectDirPath = ".";
         targets = (
            "zig::SwiftPMPackageDescription",
            "CryptoSwift::SwiftPMPackageDescription",
            "MessagePack::SwiftPMPackageDescription",
            "zig::zig",
            "MessagePack::MessagePack",
            "CryptoSwift::CryptoSwift",
         );
      };
      "OBJ_10" = {
         isa = "PBXFileReference";
         path = "CommitView.swift";
         sourceTree = "<group>";
      };
      "OBJ_103" = {
         isa = "XCConfigurationList";
         buildConfigurations = (
            "OBJ_104",
            "OBJ_105",
         );
         defaultConfigurationIsVisible = "0";
         defaultConfigurationName = "Debug";
      };
      "OBJ_104" = {
         isa = "XCBuildConfiguration";
         buildSettings = {
            LD = "/usr/bin/true";
            OTHER_SWIFT_FLAGS = (
               "-swift-version",
               "4",
               "-I",
               "/Applications/Xcode.app/Contents/Developer/Toolchains/XcodeDefault.xctoolchain/usr/lib/swift/pm/4",
               "-target",
               "x86_64-apple-macosx10.10",
               "-sdk",
               "/Applications/Xcode.app/Contents/Developer/Platforms/MacOSX.platform/Developer/SDKs/MacOSX10.13.sdk",
            );
            SWIFT_VERSION = "4.0";
         };
         name = "Debug";
      };
      "OBJ_105" = {
         isa = "XCBuildConfiguration";
         buildSettings = {
            LD = "/usr/bin/true";
            OTHER_SWIFT_FLAGS = (
               "-swift-version",
               "4",
               "-I",
               "/Applications/Xcode.app/Contents/Developer/Toolchains/XcodeDefault.xctoolchain/usr/lib/swift/pm/4",
               "-target",
               "x86_64-apple-macosx10.10",
               "-sdk",
               "/Applications/Xcode.app/Contents/Developer/Platforms/MacOSX.platform/Developer/SDKs/MacOSX10.13.sdk",
            );
            SWIFT_VERSION = "4.0";
         };
         name = "Release";
      };
      "OBJ_106" = {
         isa = "PBXSourcesBuildPhase";
         files = (
            "OBJ_107",
         );
      };
      "OBJ_107" = {
         isa = "PBXBuildFile";
         fileRef = "OBJ_6";
      };
      "OBJ_109" = {
         isa = "XCConfigurationList";
         buildConfigurations = (
            "OBJ_110",
            "OBJ_111",
         );
         defaultConfigurationIsVisible = "0";
         defaultConfigurationName = "Debug";
      };
      "OBJ_11" = {
         isa = "PBXFileReference";
         path = "Errors.swift";
         sourceTree = "<group>";
      };
      "OBJ_110" = {
         isa = "XCBuildConfiguration";
         buildSettings = {
            LD = "/usr/bin/true";
            OTHER_SWIFT_FLAGS = (
               "-swift-version",
               "4",
               "-I",
               "/Applications/Xcode.app/Contents/Developer/Toolchains/XcodeDefault.xctoolchain/usr/lib/swift/pm/4",
               "-target",
               "x86_64-apple-macosx10.10",
               "-sdk",
               "/Applications/Xcode.app/Contents/Developer/Platforms/MacOSX.platform/Developer/SDKs/MacOSX10.13.sdk",
            );
            SWIFT_VERSION = "4.0";
         };
         name = "Debug";
      };
      "OBJ_111" = {
         isa = "XCBuildConfiguration";
         buildSettings = {
            LD = "/usr/bin/true";
            OTHER_SWIFT_FLAGS = (
               "-swift-version",
               "4",
               "-I",
               "/Applications/Xcode.app/Contents/Developer/Toolchains/XcodeDefault.xctoolchain/usr/lib/swift/pm/4",
               "-target",
               "x86_64-apple-macosx10.10",
               "-sdk",
               "/Applications/Xcode.app/Contents/Developer/Platforms/MacOSX.platform/Developer/SDKs/MacOSX10.13.sdk",
            );
            SWIFT_VERSION = "4.0";
         };
         name = "Release";
      };
      "OBJ_112" = {
         isa = "PBXSourcesBuildPhase";
         files = (
            "OBJ_113",
         );
      };
      "OBJ_113" = {
         isa = "PBXBuildFile";
         fileRef = "OBJ_87";
      };
      "OBJ_115" = {
         isa = "XCConfigurationList";
         buildConfigurations = (
            "OBJ_116",
            "OBJ_117",
         );
         defaultConfigurationIsVisible = "0";
         defaultConfigurationName = "Debug";
      };
      "OBJ_116" = {
         isa = "XCBuildConfiguration";
         buildSettings = {
            LD = "/usr/bin/true";
            OTHER_SWIFT_FLAGS = (
               "-swift-version",
               "3",
               "-I",
               "/Applications/Xcode.app/Contents/Developer/Toolchains/XcodeDefault.xctoolchain/usr/lib/swift/pm/3",
               "-target",
               "x86_64-apple-macosx10.10",
               "-sdk",
               "/Applications/Xcode.app/Contents/Developer/Platforms/MacOSX.platform/Developer/SDKs/MacOSX10.13.sdk",
            );
            SWIFT_VERSION = "3.0";
         };
         name = "Debug";
      };
      "OBJ_117" = {
         isa = "XCBuildConfiguration";
         buildSettings = {
            LD = "/usr/bin/true";
            OTHER_SWIFT_FLAGS = (
               "-swift-version",
               "3",
               "-I",
               "/Applications/Xcode.app/Contents/Developer/Toolchains/XcodeDefault.xctoolchain/usr/lib/swift/pm/3",
               "-target",
               "x86_64-apple-macosx10.10",
               "-sdk",
               "/Applications/Xcode.app/Contents/Developer/Platforms/MacOSX.platform/Developer/SDKs/MacOSX10.13.sdk",
            );
            SWIFT_VERSION = "3.0";
         };
         name = "Release";
      };
      "OBJ_118" = {
         isa = "PBXSourcesBuildPhase";
         files = (
            "OBJ_119",
         );
      };
      "OBJ_119" = {
         isa = "PBXBuildFile";
         fileRef = "OBJ_97";
      };
      "OBJ_12" = {
         isa = "PBXFileReference";
         path = "ObjectId.swift";
         sourceTree = "<group>";
      };
      "OBJ_121" = {
         isa = "XCConfigurationList";
         buildConfigurations = (
            "OBJ_122",
            "OBJ_123",
         );
         defaultConfigurationIsVisible = "0";
         defaultConfigurationName = "Debug";
      };
      "OBJ_122" = {
         isa = "XCBuildConfiguration";
         buildSettings = {
            FRAMEWORK_SEARCH_PATHS = (
               "$(inherited)",
               "$(PLATFORM_DIR)/Developer/Library/Frameworks",
            );
            HEADER_SEARCH_PATHS = (
               "$(inherited)",
            );
            INFOPLIST_FILE = "zig.xcodeproj/zig_Info.plist";
            LD_RUNPATH_SEARCH_PATHS = (
               "$(TOOLCHAIN_DIR)/usr/lib/swift/macosx",
               "@executable_path",
            );
            OTHER_LDFLAGS = (
               "$(inherited)",
            );
            OTHER_SWIFT_FLAGS = (
               "$(inherited)",
            );
            SWIFT_FORCE_DYNAMIC_LINK_STDLIB = "YES";
            SWIFT_FORCE_STATIC_LINK_STDLIB = "NO";
            SWIFT_VERSION = "4.0";
            TARGET_NAME = "zig";
         };
         name = "Debug";
      };
      "OBJ_123" = {
         isa = "XCBuildConfiguration";
         buildSettings = {
            FRAMEWORK_SEARCH_PATHS = (
               "$(inherited)",
               "$(PLATFORM_DIR)/Developer/Library/Frameworks",
            );
            HEADER_SEARCH_PATHS = (
               "$(inherited)",
            );
            INFOPLIST_FILE = "zig.xcodeproj/zig_Info.plist";
            LD_RUNPATH_SEARCH_PATHS = (
               "$(TOOLCHAIN_DIR)/usr/lib/swift/macosx",
               "@executable_path",
            );
            OTHER_LDFLAGS = (
               "$(inherited)",
            );
            OTHER_SWIFT_FLAGS = (
               "$(inherited)",
            );
            SWIFT_FORCE_DYNAMIC_LINK_STDLIB = "YES";
            SWIFT_FORCE_STATIC_LINK_STDLIB = "NO";
            SWIFT_VERSION = "4.0";
            TARGET_NAME = "zig";
         };
         name = "Release";
      };
      "OBJ_124" = {
         isa = "PBXSourcesBuildPhase";
         files = (
            "OBJ_125",
            "OBJ_126",
            "OBJ_127",
            "OBJ_128",
            "OBJ_129",
            "OBJ_130",
            "OBJ_131",
         );
      };
      "OBJ_125" = {
         isa = "PBXBuildFile";
         fileRef = "OBJ_9";
      };
      "OBJ_126" = {
         isa = "PBXBuildFile";
         fileRef = "OBJ_10";
      };
      "OBJ_127" = {
         isa = "PBXBuildFile";
         fileRef = "OBJ_11";
      };
      "OBJ_128" = {
         isa = "PBXBuildFile";
         fileRef = "OBJ_12";
      };
      "OBJ_129" = {
         isa = "PBXBuildFile";
         fileRef = "OBJ_13";
      };
      "OBJ_13" = {
         isa = "PBXFileReference";
         path = "ObjectLike.swift";
         sourceTree = "<group>";
      };
      "OBJ_130" = {
         isa = "PBXBuildFile";
         fileRef = "OBJ_14";
      };
      "OBJ_131" = {
         isa = "PBXBuildFile";
         fileRef = "OBJ_15";
      };
      "OBJ_132" = {
         isa = "PBXFrameworksBuildPhase";
         files = (
            "OBJ_133",
            "OBJ_134",
         );
      };
      "OBJ_133" = {
         isa = "PBXBuildFile";
         fileRef = "MessagePack::MessagePack::Product";
      };
      "OBJ_134" = {
         isa = "PBXBuildFile";
         fileRef = "CryptoSwift::CryptoSwift::Product";
      };
      "OBJ_135" = {
         isa = "PBXTargetDependency";
         target = "MessagePack::MessagePack";
      };
      "OBJ_137" = {
         isa = "PBXTargetDependency";
         target = "CryptoSwift::CryptoSwift";
      };
      "OBJ_139" = {
         isa = "XCConfigurationList";
         buildConfigurations = (
            "OBJ_140",
            "OBJ_141",
         );
         defaultConfigurationIsVisible = "0";
         defaultConfigurationName = "Debug";
      };
      "OBJ_14" = {
         isa = "PBXFileReference";
         path = "Repository.swift";
         sourceTree = "<group>";
      };
      "OBJ_140" = {
         isa = "XCBuildConfiguration";
         buildSettings = {
            ENABLE_TESTABILITY = "YES";
            FRAMEWORK_SEARCH_PATHS = (
               "$(inherited)",
               "$(PLATFORM_DIR)/Developer/Library/Frameworks",
            );
            HEADER_SEARCH_PATHS = (
               "$(inherited)",
            );
            INFOPLIST_FILE = "zig.xcodeproj/MessagePack_Info.plist";
            LD_RUNPATH_SEARCH_PATHS = (
               "$(TOOLCHAIN_DIR)/usr/lib/swift/macosx",
            );
            OTHER_LDFLAGS = (
               "$(inherited)",
            );
            OTHER_SWIFT_FLAGS = (
               "$(inherited)",
            );
            PRODUCT_BUNDLE_IDENTIFIER = "MessagePack";
            PRODUCT_MODULE_NAME = "$(TARGET_NAME:c99extidentifier)";
            PRODUCT_NAME = "$(TARGET_NAME:c99extidentifier)";
            SKIP_INSTALL = "YES";
            SWIFT_VERSION = "3.0";
            TARGET_NAME = "MessagePack";
         };
         name = "Debug";
      };
      "OBJ_141" = {
         isa = "XCBuildConfiguration";
         buildSettings = {
            ENABLE_TESTABILITY = "YES";
            FRAMEWORK_SEARCH_PATHS = (
               "$(inherited)",
               "$(PLATFORM_DIR)/Developer/Library/Frameworks",
            );
            HEADER_SEARCH_PATHS = (
               "$(inherited)",
            );
            INFOPLIST_FILE = "zig.xcodeproj/MessagePack_Info.plist";
            LD_RUNPATH_SEARCH_PATHS = (
               "$(TOOLCHAIN_DIR)/usr/lib/swift/macosx",
            );
            OTHER_LDFLAGS = (
               "$(inherited)",
            );
            OTHER_SWIFT_FLAGS = (
               "$(inherited)",
            );
            PRODUCT_BUNDLE_IDENTIFIER = "MessagePack";
            PRODUCT_MODULE_NAME = "$(TARGET_NAME:c99extidentifier)";
            PRODUCT_NAME = "$(TARGET_NAME:c99extidentifier)";
            SKIP_INSTALL = "YES";
            SWIFT_VERSION = "3.0";
            TARGET_NAME = "MessagePack";
         };
         name = "Release";
      };
      "OBJ_142" = {
         isa = "PBXSourcesBuildPhase";
         files = (
            "OBJ_143",
            "OBJ_144",
            "OBJ_145",
            "OBJ_146",
            "OBJ_147",
            "OBJ_148",
            "OBJ_149",
         );
      };
      "OBJ_143" = {
         isa = "PBXBuildFile";
         fileRef = "OBJ_90";
      };
      "OBJ_144" = {
         isa = "PBXBuildFile";
         fileRef = "OBJ_91";
      };
      "OBJ_145" = {
         isa = "PBXBuildFile";
         fileRef = "OBJ_92";
      };
      "OBJ_146" = {
         isa = "PBXBuildFile";
         fileRef = "OBJ_93";
      };
      "OBJ_147" = {
         isa = "PBXBuildFile";
         fileRef = "OBJ_94";
      };
      "OBJ_148" = {
         isa = "PBXBuildFile";
         fileRef = "OBJ_95";
      };
      "OBJ_149" = {
         isa = "PBXBuildFile";
         fileRef = "OBJ_96";
      };
      "OBJ_15" = {
         isa = "PBXFileReference";
         path = "main.swift";
         sourceTree = "<group>";
      };
      "OBJ_150" = {
         isa = "PBXFrameworksBuildPhase";
         files = (
         );
      };
      "OBJ_151" = {
         isa = "XCConfigurationList";
         buildConfigurations = (
            "OBJ_152",
            "OBJ_153",
         );
         defaultConfigurationIsVisible = "0";
         defaultConfigurationName = "Debug";
      };
      "OBJ_152" = {
         isa = "XCBuildConfiguration";
         buildSettings = {
            ENABLE_TESTABILITY = "YES";
            FRAMEWORK_SEARCH_PATHS = (
               "$(inherited)",
               "$(PLATFORM_DIR)/Developer/Library/Frameworks",
            );
            HEADER_SEARCH_PATHS = (
               "$(inherited)",
            );
            INFOPLIST_FILE = "zig.xcodeproj/CryptoSwift_Info.plist";
            LD_RUNPATH_SEARCH_PATHS = (
               "$(TOOLCHAIN_DIR)/usr/lib/swift/macosx",
            );
            OTHER_LDFLAGS = (
               "$(inherited)",
            );
            OTHER_SWIFT_FLAGS = (
               "$(inherited)",
            );
            PRODUCT_BUNDLE_IDENTIFIER = "CryptoSwift";
            PRODUCT_MODULE_NAME = "$(TARGET_NAME:c99extidentifier)";
            PRODUCT_NAME = "$(TARGET_NAME:c99extidentifier)";
            SKIP_INSTALL = "YES";
            SWIFT_VERSION = "4.0";
            TARGET_NAME = "CryptoSwift";
         };
         name = "Debug";
      };
      "OBJ_153" = {
         isa = "XCBuildConfiguration";
         buildSettings = {
            ENABLE_TESTABILITY = "YES";
            FRAMEWORK_SEARCH_PATHS = (
               "$(inherited)",
               "$(PLATFORM_DIR)/Developer/Library/Frameworks",
            );
            HEADER_SEARCH_PATHS = (
               "$(inherited)",
            );
            INFOPLIST_FILE = "zig.xcodeproj/CryptoSwift_Info.plist";
            LD_RUNPATH_SEARCH_PATHS = (
               "$(TOOLCHAIN_DIR)/usr/lib/swift/macosx",
            );
            OTHER_LDFLAGS = (
               "$(inherited)",
            );
            OTHER_SWIFT_FLAGS = (
               "$(inherited)",
            );
            PRODUCT_BUNDLE_IDENTIFIER = "CryptoSwift";
            PRODUCT_MODULE_NAME = "$(TARGET_NAME:c99extidentifier)";
            PRODUCT_NAME = "$(TARGET_NAME:c99extidentifier)";
            SKIP_INSTALL = "YES";
            SWIFT_VERSION = "4.0";
            TARGET_NAME = "CryptoSwift";
         };
         name = "Release";
      };
      "OBJ_154" = {
         isa = "PBXSourcesBuildPhase";
         files = (
            "OBJ_155",
            "OBJ_156",
            "OBJ_157",
            "OBJ_158",
            "OBJ_159",
            "OBJ_160",
            "OBJ_161",
            "OBJ_162",
            "OBJ_163",
            "OBJ_164",
            "OBJ_165",
            "OBJ_166",
            "OBJ_167",
            "OBJ_168",
            "OBJ_169",
            "OBJ_170",
            "OBJ_171",
            "OBJ_172",
            "OBJ_173",
            "OBJ_174",
            "OBJ_175",
            "OBJ_176",
            "OBJ_177",
            "OBJ_178",
            "OBJ_179",
            "OBJ_180",
            "OBJ_181",
            "OBJ_182",
            "OBJ_183",
            "OBJ_184",
            "OBJ_185",
            "OBJ_186",
            "OBJ_187",
            "OBJ_188",
            "OBJ_189",
            "OBJ_190",
            "OBJ_191",
            "OBJ_192",
            "OBJ_193",
            "OBJ_194",
            "OBJ_195",
            "OBJ_196",
            "OBJ_197",
            "OBJ_198",
            "OBJ_199",
            "OBJ_200",
            "OBJ_201",
            "OBJ_202",
            "OBJ_203",
            "OBJ_204",
            "OBJ_205",
            "OBJ_206",
            "OBJ_207",
            "OBJ_208",
            "OBJ_209",
            "OBJ_210",
            "OBJ_211",
            "OBJ_212",
            "OBJ_213",
            "OBJ_214",
            "OBJ_215",
            "OBJ_216",
         );
      };
      "OBJ_155" = {
         isa = "PBXBuildFile";
         fileRef = "OBJ_22";
      };
      "OBJ_156" = {
         isa = "PBXBuildFile";
         fileRef = "OBJ_23";
      };
      "OBJ_157" = {
         isa = "PBXBuildFile";
         fileRef = "OBJ_24";
      };
      "OBJ_158" = {
         isa = "PBXBuildFile";
         fileRef = "OBJ_25";
      };
      "OBJ_159" = {
         isa = "PBXBuildFile";
         fileRef = "OBJ_26";
      };
      "OBJ_16" = {
         isa = "PBXGroup";
         children = (
         );
         name = "Tests";
         path = "";
         sourceTree = "SOURCE_ROOT";
      };
      "OBJ_160" = {
         isa = "PBXBuildFile";
         fileRef = "OBJ_27";
      };
      "OBJ_161" = {
         isa = "PBXBuildFile";
         fileRef = "OBJ_29";
      };
      "OBJ_162" = {
         isa = "PBXBuildFile";
         fileRef = "OBJ_30";
      };
      "OBJ_163" = {
         isa = "PBXBuildFile";
         fileRef = "OBJ_31";
      };
      "OBJ_164" = {
         isa = "PBXBuildFile";
         fileRef = "OBJ_32";
      };
      "OBJ_165" = {
         isa = "PBXBuildFile";
         fileRef = "OBJ_33";
      };
      "OBJ_166" = {
         isa = "PBXBuildFile";
         fileRef = "OBJ_34";
      };
      "OBJ_167" = {
         isa = "PBXBuildFile";
         fileRef = "OBJ_35";
      };
      "OBJ_168" = {
         isa = "PBXBuildFile";
         fileRef = "OBJ_36";
      };
      "OBJ_169" = {
         isa = "PBXBuildFile";
         fileRef = "OBJ_37";
      };
      "OBJ_17" = {
         isa = "PBXFileReference";
         path = "build";
         sourceTree = "SOURCE_ROOT";
      };
      "OBJ_170" = {
         isa = "PBXBuildFile";
         fileRef = "OBJ_38";
      };
      "OBJ_171" = {
         isa = "PBXBuildFile";
         fileRef = "OBJ_39";
      };
      "OBJ_172" = {
         isa = "PBXBuildFile";
         fileRef = "OBJ_40";
      };
      "OBJ_173" = {
         isa = "PBXBuildFile";
         fileRef = "OBJ_41";
      };
      "OBJ_174" = {
         isa = "PBXBuildFile";
         fileRef = "OBJ_42";
      };
      "OBJ_175" = {
         isa = "PBXBuildFile";
         fileRef = "OBJ_43";
      };
      "OBJ_176" = {
         isa = "PBXBuildFile";
         fileRef = "OBJ_44";
      };
      "OBJ_177" = {
         isa = "PBXBuildFile";
         fileRef = "OBJ_45";
      };
      "OBJ_178" = {
         isa = "PBXBuildFile";
         fileRef = "OBJ_46";
      };
      "OBJ_179" = {
         isa = "PBXBuildFile";
         fileRef = "OBJ_47";
      };
      "OBJ_18" = {
         isa = "PBXFileReference";
         path = "zig";
         sourceTree = "SOURCE_ROOT";
      };
      "OBJ_180" = {
         isa = "PBXBuildFile";
         fileRef = "OBJ_49";
      };
      "OBJ_181" = {
         isa = "PBXBuildFile";
         fileRef = "OBJ_50";
      };
      "OBJ_182" = {
         isa = "PBXBuildFile";
         fileRef = "OBJ_51";
      };
      "OBJ_183" = {
         isa = "PBXBuildFile";
         fileRef = "OBJ_52";
      };
      "OBJ_184" = {
         isa = "PBXBuildFile";
         fileRef = "OBJ_53";
      };
      "OBJ_185" = {
         isa = "PBXBuildFile";
         fileRef = "OBJ_54";
      };
      "OBJ_186" = {
         isa = "PBXBuildFile";
         fileRef = "OBJ_55";
      };
      "OBJ_187" = {
         isa = "PBXBuildFile";
         fileRef = "OBJ_56";
      };
      "OBJ_188" = {
         isa = "PBXBuildFile";
         fileRef = "OBJ_57";
      };
      "OBJ_189" = {
         isa = "PBXBuildFile";
         fileRef = "OBJ_58";
      };
      "OBJ_19" = {
         isa = "PBXGroup";
         children = (
            "OBJ_20",
            "OBJ_88",
         );
         name = "Dependencies";
         path = "";
         sourceTree = "<group>";
      };
      "OBJ_190" = {
         isa = "PBXBuildFile";
         fileRef = "OBJ_59";
      };
      "OBJ_191" = {
         isa = "PBXBuildFile";
         fileRef = "OBJ_60";
      };
      "OBJ_192" = {
         isa = "PBXBuildFile";
         fileRef = "OBJ_61";
      };
      "OBJ_193" = {
         isa = "PBXBuildFile";
         fileRef = "OBJ_62";
      };
      "OBJ_194" = {
         isa = "PBXBuildFile";
         fileRef = "OBJ_63";
      };
      "OBJ_195" = {
         isa = "PBXBuildFile";
         fileRef = "OBJ_65";
      };
      "OBJ_196" = {
         isa = "PBXBuildFile";
         fileRef = "OBJ_66";
      };
      "OBJ_197" = {
         isa = "PBXBuildFile";
         fileRef = "OBJ_67";
      };
      "OBJ_198" = {
         isa = "PBXBuildFile";
         fileRef = "OBJ_68";
      };
      "OBJ_199" = {
         isa = "PBXBuildFile";
         fileRef = "OBJ_69";
      };
      "OBJ_2" = {
         isa = "XCConfigurationList";
         buildConfigurations = (
            "OBJ_3",
            "OBJ_4",
         );
         defaultConfigurationIsVisible = "0";
         defaultConfigurationName = "Debug";
      };
      "OBJ_20" = {
         isa = "PBXGroup";
         children = (
            "OBJ_21",
            "OBJ_87",
         );
         name = "CryptoSwift 0.7.2";
         path = "";
         sourceTree = "SOURCE_ROOT";
      };
      "OBJ_200" = {
         isa = "PBXBuildFile";
         fileRef = "OBJ_70";
      };
      "OBJ_201" = {
         isa = "PBXBuildFile";
         fileRef = "OBJ_71";
      };
      "OBJ_202" = {
         isa = "PBXBuildFile";
         fileRef = "OBJ_72";
      };
      "OBJ_203" = {
         isa = "PBXBuildFile";
         fileRef = "OBJ_73";
      };
      "OBJ_204" = {
         isa = "PBXBuildFile";
         fileRef = "OBJ_74";
      };
      "OBJ_205" = {
         isa = "PBXBuildFile";
         fileRef = "OBJ_75";
      };
      "OBJ_206" = {
         isa = "PBXBuildFile";
         fileRef = "OBJ_76";
      };
      "OBJ_207" = {
         isa = "PBXBuildFile";
         fileRef = "OBJ_77";
      };
      "OBJ_208" = {
         isa = "PBXBuildFile";
         fileRef = "OBJ_78";
      };
      "OBJ_209" = {
         isa = "PBXBuildFile";
         fileRef = "OBJ_79";
      };
      "OBJ_21" = {
         isa = "PBXGroup";
         children = (
            "OBJ_22",
            "OBJ_23",
            "OBJ_24",
            "OBJ_25",
            "OBJ_26",
            "OBJ_27",
            "OBJ_28",
            "OBJ_39",
            "OBJ_40",
            "OBJ_41",
            "OBJ_42",
            "OBJ_43",
            "OBJ_44",
            "OBJ_45",
            "OBJ_46",
            "OBJ_47",
            "OBJ_48",
            "OBJ_58",
            "OBJ_59",
            "OBJ_60",
            "OBJ_61",
            "OBJ_62",
            "OBJ_63",
            "OBJ_64",
            "OBJ_70",
            "OBJ_71",
            "OBJ_72",
            "OBJ_73",
            "OBJ_74",
            "OBJ_75",
            "OBJ_76",
            "OBJ_77",
            "OBJ_78",
            "OBJ_79",
            "OBJ_80",
            "OBJ_81",
            "OBJ_82",
            "OBJ_83",
            "OBJ_84",
            "OBJ_85",
            "OBJ_86",
         );
         name = "CryptoSwift";
         path = ".build/checkouts/CryptoSwift.git--6440749087414195235/Sources/CryptoSwift";
         sourceTree = "SOURCE_ROOT";
      };
      "OBJ_210" = {
         isa = "PBXBuildFile";
         fileRef = "OBJ_80";
      };
      "OBJ_211" = {
         isa = "PBXBuildFile";
         fileRef = "OBJ_81";
      };
      "OBJ_212" = {
         isa = "PBXBuildFile";
         fileRef = "OBJ_82";
      };
      "OBJ_213" = {
         isa = "PBXBuildFile";
         fileRef = "OBJ_83";
      };
      "OBJ_214" = {
         isa = "PBXBuildFile";
         fileRef = "OBJ_84";
      };
      "OBJ_215" = {
         isa = "PBXBuildFile";
         fileRef = "OBJ_85";
      };
      "OBJ_216" = {
         isa = "PBXBuildFile";
         fileRef = "OBJ_86";
      };
      "OBJ_217" = {
         isa = "PBXFrameworksBuildPhase";
         files = (
         );
      };
      "OBJ_22" = {
         isa = "PBXFileReference";
         path = "AES.swift";
         sourceTree = "<group>";
      };
      "OBJ_23" = {
         isa = "PBXFileReference";
         path = "Array+Extension.swift";
         sourceTree = "<group>";
      };
      "OBJ_24" = {
         isa = "PBXFileReference";
         path = "Authenticator.swift";
         sourceTree = "<group>";
      };
      "OBJ_25" = {
         isa = "PBXFileReference";
         path = "BatchedCollection.swift";
         sourceTree = "<group>";
      };
      "OBJ_26" = {
         isa = "PBXFileReference";
         path = "Bit.swift";
         sourceTree = "<group>";
      };
      "OBJ_27" = {
         isa = "PBXFileReference";
         path = "BlockCipher.swift";
         sourceTree = "<group>";
      };
      "OBJ_28" = {
         isa = "PBXGroup";
         children = (
            "OBJ_29",
            "OBJ_30",
            "OBJ_31",
            "OBJ_32",
            "OBJ_33",
            "OBJ_34",
            "OBJ_35",
            "OBJ_36",
            "OBJ_37",
            "OBJ_38",
         );
         name = "BlockMode";
         path = "BlockMode";
         sourceTree = "<group>";
      };
      "OBJ_29" = {
         isa = "PBXFileReference";
         path = "BlockMode.swift";
         sourceTree = "<group>";
      };
      "OBJ_3" = {
         isa = "XCBuildConfiguration";
         buildSettings = {
            CLANG_ENABLE_OBJC_ARC = "YES";
            COMBINE_HIDPI_IMAGES = "YES";
            COPY_PHASE_STRIP = "NO";
            DEBUG_INFORMATION_FORMAT = "dwarf";
            DYLIB_INSTALL_NAME_BASE = "@rpath";
            ENABLE_NS_ASSERTIONS = "YES";
            GCC_OPTIMIZATION_LEVEL = "0";
            MACOSX_DEPLOYMENT_TARGET = "10.10";
            ONLY_ACTIVE_ARCH = "YES";
            OTHER_SWIFT_FLAGS = (
               "-DXcode",
            );
            PRODUCT_NAME = "$(TARGET_NAME)";
            SDKROOT = "macosx";
            SUPPORTED_PLATFORMS = (
               "macosx",
               "iphoneos",
               "iphonesimulator",
               "appletvos",
               "appletvsimulator",
               "watchos",
               "watchsimulator",
            );
            SWIFT_ACTIVE_COMPILATION_CONDITIONS = "SWIFT_PACKAGE";
            SWIFT_OPTIMIZATION_LEVEL = "-Onone";
            USE_HEADERMAP = "NO";
         };
         name = "Debug";
      };
      "OBJ_30" = {
         isa = "PBXFileReference";
         path = "BlockModeOptions.swift";
         sourceTree = "<group>";
      };
      "OBJ_31" = {
         isa = "PBXFileReference";
         path = "BlockModeWorker.swift";
         sourceTree = "<group>";
      };
      "OBJ_32" = {
         isa = "PBXFileReference";
         path = "CBC.swift";
         sourceTree = "<group>";
      };
      "OBJ_33" = {
         isa = "PBXFileReference";
         path = "CFB.swift";
         sourceTree = "<group>";
      };
      "OBJ_34" = {
         isa = "PBXFileReference";
         path = "CTR.swift";
         sourceTree = "<group>";
      };
      "OBJ_35" = {
         isa = "PBXFileReference";
         path = "ECB.swift";
         sourceTree = "<group>";
      };
      "OBJ_36" = {
         isa = "PBXFileReference";
         path = "OFB.swift";
         sourceTree = "<group>";
      };
      "OBJ_37" = {
         isa = "PBXFileReference";
         path = "PCBC.swift";
         sourceTree = "<group>";
      };
      "OBJ_38" = {
         isa = "PBXFileReference";
         path = "RandomAccessBlockModeWorker.swift";
         sourceTree = "<group>";
      };
      "OBJ_39" = {
         isa = "PBXFileReference";
         path = "Blowfish.swift";
         sourceTree = "<group>";
      };
      "OBJ_4" = {
         isa = "XCBuildConfiguration";
         buildSettings = {
            CLANG_ENABLE_OBJC_ARC = "YES";
            COMBINE_HIDPI_IMAGES = "YES";
            COPY_PHASE_STRIP = "YES";
            DEBUG_INFORMATION_FORMAT = "dwarf-with-dsym";
            DYLIB_INSTALL_NAME_BASE = "@rpath";
            GCC_OPTIMIZATION_LEVEL = "s";
            MACOSX_DEPLOYMENT_TARGET = "10.10";
            OTHER_SWIFT_FLAGS = (
               "-DXcode",
            );
            PRODUCT_NAME = "$(TARGET_NAME)";
            SDKROOT = "macosx";
            SUPPORTED_PLATFORMS = (
               "macosx",
               "iphoneos",
               "iphonesimulator",
               "appletvos",
               "appletvsimulator",
               "watchos",
               "watchsimulator",
            );
            SWIFT_ACTIVE_COMPILATION_CONDITIONS = "SWIFT_PACKAGE";
            SWIFT_OPTIMIZATION_LEVEL = "-Owholemodule";
            USE_HEADERMAP = "NO";
         };
         name = "Release";
      };
      "OBJ_40" = {
         isa = "PBXFileReference";
         path = "CSArrayType+Extensions.swift";
         sourceTree = "<group>";
      };
      "OBJ_41" = {
         isa = "PBXFileReference";
         path = "ChaCha20.swift";
         sourceTree = "<group>";
      };
      "OBJ_42" = {
         isa = "PBXFileReference";
         path = "Checksum.swift";
         sourceTree = "<group>";
      };
      "OBJ_43" = {
         isa = "PBXFileReference";
         path = "Cipher.swift";
         sourceTree = "<group>";
      };
      "OBJ_44" = {
         isa = "PBXFileReference";
         path = "Collection+Extension.swift";
         sourceTree = "<group>";
      };
      "OBJ_45" = {
         isa = "PBXFileReference";
         path = "Cryptors.swift";
         sourceTree = "<group>";
      };
      "OBJ_46" = {
         isa = "PBXFileReference";
         path = "Digest.swift";
         sourceTree = "<group>";
      };
      "OBJ_47" = {
         isa = "PBXFileReference";
         path = "DigestType.swift";
         sourceTree = "<group>";
      };
      "OBJ_48" = {
         isa = "PBXGroup";
         children = (
            "OBJ_49",
            "OBJ_50",
            "OBJ_51",
            "OBJ_52",
            "OBJ_53",
            "OBJ_54",
            "OBJ_55",
            "OBJ_56",
            "OBJ_57",
         );
         name = "Foundation";
         path = "Foundation";
         sourceTree = "<group>";
      };
      "OBJ_49" = {
         isa = "PBXFileReference";
         path = "AES+Foundation.swift";
         sourceTree = "<group>";
      };
      "OBJ_5" = {
         isa = "PBXGroup";
         children = (
            "OBJ_6",
            "OBJ_7",
            "OBJ_16",
            "OBJ_17",
            "OBJ_18",
            "OBJ_19",
            "OBJ_98",
         );
         path = "";
         sourceTree = "<group>";
      };
      "OBJ_50" = {
         isa = "PBXFileReference";
         path = "Blowfish+Foundation.swift";
         sourceTree = "<group>";
      };
      "OBJ_51" = {
         isa = "PBXFileReference";
         path = "CSArrayType+Foundation.swift";
         sourceTree = "<group>";
      };
      "OBJ_52" = {
         isa = "PBXFileReference";
         path = "ChaCha20+Foundation.swift";
         sourceTree = "<group>";
      };
      "OBJ_53" = {
         isa = "PBXFileReference";
         path = "Data+Extension.swift";
         sourceTree = "<group>";
      };
      "OBJ_54" = {
         isa = "PBXFileReference";
         path = "HMAC+Foundation.swift";
         sourceTree = "<group>";
      };
      "OBJ_55" = {
         isa = "PBXFileReference";
         path = "Rabbit+Foundation.swift";
         sourceTree = "<group>";
      };
      "OBJ_56" = {
         isa = "PBXFileReference";
         path = "String+FoundationExtension.swift";
         sourceTree = "<group>";
      };
      "OBJ_57" = {
         isa = "PBXFileReference";
         path = "Utils+Foundation.swift";
         sourceTree = "<group>";
      };
      "OBJ_58" = {
         isa = "PBXFileReference";
         path = "Generics.swift";
         sourceTree = "<group>";
      };
      "OBJ_59" = {
         isa = "PBXFileReference";
         path = "HMAC.swift";
         sourceTree = "<group>";
      };
      "OBJ_6" = {
         isa = "PBXFileReference";
         explicitFileType = "sourcecode.swift";
         path = "Package.swift";
         sourceTree = "<group>";
      };
      "OBJ_60" = {
         isa = "PBXFileReference";
         path = "Int+Extension.swift";
         sourceTree = "<group>";
      };
      "OBJ_61" = {
         isa = "PBXFileReference";
         path = "MD5.swift";
         sourceTree = "<group>";
      };
      "OBJ_62" = {
         isa = "PBXFileReference";
         path = "NoPadding.swift";
         sourceTree = "<group>";
      };
      "OBJ_63" = {
         isa = "PBXFileReference";
         path = "Operators.swift";
         sourceTree = "<group>";
      };
      "OBJ_64" = {
         isa = "PBXGroup";
         children = (
            "OBJ_65",
            "OBJ_66",
            "OBJ_67",
            "OBJ_68",
            "OBJ_69",
         );
         name = "PKCS";
         path = "PKCS";
         sourceTree = "<group>";
      };
      "OBJ_65" = {
         isa = "PBXFileReference";
         path = "PBKDF1.swift";
         sourceTree = "<group>";
      };
      "OBJ_66" = {
         isa = "PBXFileReference";
         path = "PBKDF2.swift";
         sourceTree = "<group>";
      };
      "OBJ_67" = {
         isa = "PBXFileReference";
         path = "PKCS5.swift";
         sourceTree = "<group>";
      };
      "OBJ_68" = {
         isa = "PBXFileReference";
         path = "PKCS7.swift";
         sourceTree = "<group>";
      };
      "OBJ_69" = {
         isa = "PBXFileReference";
         path = "PKCS7Padding.swift";
         sourceTree = "<group>";
      };
      "OBJ_7" = {
         isa = "PBXGroup";
         children = (
            "OBJ_8",
         );
         name = "Sources";
         path = "";
         sourceTree = "SOURCE_ROOT";
      };
      "OBJ_70" = {
         isa = "PBXFileReference";
         path = "Padding.swift";
         sourceTree = "<group>";
      };
      "OBJ_71" = {
         isa = "PBXFileReference";
         path = "Poly1305.swift";
         sourceTree = "<group>";
      };
      "OBJ_72" = {
         isa = "PBXFileReference";
         path = "Rabbit.swift";
         sourceTree = "<group>";
      };
      "OBJ_73" = {
         isa = "PBXFileReference";
         path = "RandomAccessCryptor.swift";
         sourceTree = "<group>";
      };
      "OBJ_74" = {
         isa = "PBXFileReference";
         path = "RandomBytesSequence.swift";
         sourceTree = "<group>";
      };
      "OBJ_75" = {
         isa = "PBXFileReference";
         path = "SHA1.swift";
         sourceTree = "<group>";
      };
      "OBJ_76" = {
         isa = "PBXFileReference";
         path = "SHA2.swift";
         sourceTree = "<group>";
      };
      "OBJ_77" = {
         isa = "PBXFileReference";
         path = "SHA3.swift";
         sourceTree = "<group>";
      };
      "OBJ_78" = {
         isa = "PBXFileReference";
         path = "SecureBytes.swift";
         sourceTree = "<group>";
      };
      "OBJ_79" = {
         isa = "PBXFileReference";
         path = "String+Extension.swift";
         sourceTree = "<group>";
      };
      "OBJ_8" = {
         isa = "PBXGroup";
         children = (
            "OBJ_9",
            "OBJ_10",
            "OBJ_11",
            "OBJ_12",
            "OBJ_13",
            "OBJ_14",
            "OBJ_15",
         );
         name = "zig";
         path = "Sources/zig";
         sourceTree = "SOURCE_ROOT";
      };
      "OBJ_80" = {
         isa = "PBXFileReference";
         path = "UInt16+Extension.swift";
         sourceTree = "<group>";
      };
      "OBJ_81" = {
         isa = "PBXFileReference";
         path = "UInt32+Extension.swift";
         sourceTree = "<group>";
      };
      "OBJ_82" = {
         isa = "PBXFileReference";
         path = "UInt64+Extension.swift";
         sourceTree = "<group>";
      };
      "OBJ_83" = {
         isa = "PBXFileReference";
         path = "UInt8+Extension.swift";
         sourceTree = "<group>";
      };
      "OBJ_84" = {
         isa = "PBXFileReference";
         path = "Updatable.swift";
         sourceTree = "<group>";
      };
      "OBJ_85" = {
         isa = "PBXFileReference";
         path = "Utils.swift";
         sourceTree = "<group>";
      };
      "OBJ_86" = {
         isa = "PBXFileReference";
         path = "ZeroPadding.swift";
         sourceTree = "<group>";
      };
      "OBJ_87" = {
         isa = "PBXFileReference";
         explicitFileType = "sourcecode.swift";
         name = "Package.swift";
         path = "/Users/mgadda/Projects/zig/.build/checkouts/CryptoSwift.git--6440749087414195235/Package.swift";
         sourceTree = "<group>";
      };
      "OBJ_88" = {
         isa = "PBXGroup";
         children = (
            "OBJ_89",
            "OBJ_97",
         );
         name = "MessagePack 2.1.0";
         path = "";
         sourceTree = "SOURCE_ROOT";
      };
      "OBJ_89" = {
         isa = "PBXGroup";
         children = (
            "OBJ_90",
            "OBJ_91",
            "OBJ_92",
            "OBJ_93",
            "OBJ_94",
            "OBJ_95",
            "OBJ_96",
         );
         name = "MessagePack";
         path = ".build/checkouts/MessagePack.swift.git-699468598923282633/Sources/MessagePack";
         sourceTree = "SOURCE_ROOT";
      };
      "OBJ_9" = {
         isa = "PBXFileReference";
         path = "ANSIColor.swift";
         sourceTree = "<group>";
      };
      "OBJ_90" = {
         isa = "PBXFileReference";
         path = "ConvenienceInitializers.swift";
         sourceTree = "<group>";
      };
      "OBJ_91" = {
         isa = "PBXFileReference";
         path = "ConvenienceProperties.swift";
         sourceTree = "<group>";
      };
      "OBJ_92" = {
         isa = "PBXFileReference";
         path = "LiteralConvertibles.swift";
         sourceTree = "<group>";
      };
      "OBJ_93" = {
         isa = "PBXFileReference";
         path = "MessagePack.swift";
         sourceTree = "<group>";
      };
      "OBJ_94" = {
         isa = "PBXFileReference";
         path = "Pack.swift";
         sourceTree = "<group>";
      };
      "OBJ_95" = {
         isa = "PBXFileReference";
         path = "Subdata.swift";
         sourceTree = "<group>";
      };
      "OBJ_96" = {
         isa = "PBXFileReference";
         path = "Unpack.swift";
         sourceTree = "<group>";
      };
      "OBJ_97" = {
         isa = "PBXFileReference";
         explicitFileType = "sourcecode.swift";
         name = "Package.swift";
         path = "/Users/mgadda/Projects/zig/.build/checkouts/MessagePack.swift.git-699468598923282633/Package.swift";
         sourceTree = "<group>";
      };
      "OBJ_98" = {
         isa = "PBXGroup";
         children = (
            "zig::zig::Product",
            "MessagePack::MessagePack::Product",
            "CryptoSwift::CryptoSwift::Product",
         );
         name = "Products";
         path = "";
         sourceTree = "BUILT_PRODUCTS_DIR";
      };
      "zig::SwiftPMPackageDescription" = {
         isa = "PBXNativeTarget";
         buildConfigurationList = "OBJ_103";
         buildPhases = (
            "OBJ_106",
         );
         dependencies = (
         );
         name = "zigPackageDescription";
         productName = "zigPackageDescription";
         productType = "com.apple.product-type.framework";
      };
      "zig::zig" = {
         isa = "PBXNativeTarget";
         buildConfigurationList = "OBJ_121";
         buildPhases = (
            "OBJ_124",
            "OBJ_132",
         );
         dependencies = (
            "OBJ_135",
            "OBJ_137",
         );
         name = "zig";
         productName = "zig";
         productReference = "zig::zig::Product";
         productType = "com.apple.product-type.tool";
      };
      "zig::zig::Product" = {
         isa = "PBXFileReference";
         path = "zig";
         sourceTree = "BUILT_PRODUCTS_DIR";
      };
   };
   rootObject = "OBJ_1";
}
