// !$*UTF8*$!
{
	archiveVersion = 1;
	classes = {
	};
	objectVersion = 46;
	objects = {

/* Begin PBXBuildFile section */
		7DABC33F1F6A3FF5001FC6E8 /* libSystem.tbd in Frameworks */ = {isa = PBXBuildFile; fileRef = 7DABC33E1F6A3FF5001FC6E8 /* libSystem.tbd */; };
		7DB4452C1F6976F50002FFD6 /* main.swift in Sources */ = {isa = PBXBuildFile; fileRef = 7DB4452B1F6976F50002FFD6 /* main.swift */; };
		7DBB28A11F6CDCBE00365896 /* zig in CopyFiles */ = {isa = PBXBuildFile; fileRef = 7DB445281F6976F50002FFD6 /* zig */; settings = {ATTRIBUTES = (CodeSignOnCopy, ); }; };
		7DBB28A31F6D72F600365896 /* Repository.swift in Sources */ = {isa = PBXBuildFile; fileRef = 7DBB28A21F6D72F600365896 /* Repository.swift */; };
		7DBB28A51F6DAC6F00365896 /* ObjectId.swift in Sources */ = {isa = PBXBuildFile; fileRef = 7DBB28A41F6DAC6F00365896 /* ObjectId.swift */; };
		7DBB28A71F6DB55A00365896 /* Errors.swift in Sources */ = {isa = PBXBuildFile; fileRef = 7DBB28A61F6DB55A00365896 /* Errors.swift */; };
		7DBB28A91F6DB5DA00365896 /* CommitView.swift in Sources */ = {isa = PBXBuildFile; fileRef = 7DBB28A81F6DB5DA00365896 /* CommitView.swift */; };
		7DBB28AB1F6DE86300365896 /* ANSIColor.swift in Sources */ = {isa = PBXBuildFile; fileRef = 7DBB28AA1F6DE86300365896 /* ANSIColor.swift */; };
		7DBB28AD1F6E267200365896 /* ObjectLike.swift in Sources */ = {isa = PBXBuildFile; fileRef = 7DBB28AC1F6E267200365896 /* ObjectLike.swift */; };
/* End PBXBuildFile section */

/* Begin PBXCopyFilesBuildPhase section */
		7DB445261F6976F40002FFD6 /* CopyFiles */ = {
			isa = PBXCopyFilesBuildPhase;
			buildActionMask = 12;
			dstPath = "~/bin";
			dstSubfolderSpec = 0;
			files = (
				7DBB28A11F6CDCBE00365896 /* zig in CopyFiles */,
			);
			runOnlyForDeploymentPostprocessing = 0;
		};
/* End PBXCopyFilesBuildPhase section */

/* Begin PBXFileReference section */
		7DABC32A1F6A2DBD001FC6E8 /* libcommonCrypto.tbd */ = {isa = PBXFileReference; lastKnownFileType = "sourcecode.text-based-dylib-definition"; name = libcommonCrypto.tbd; path = usr/lib/system/libcommonCrypto.tbd; sourceTree = SDKROOT; };
		7DABC32C1F6A2DE6001FC6E8 /* bridge.h */ = {isa = PBXFileReference; lastKnownFileType = sourcecode.c.h; path = bridge.h; sourceTree = "<group>"; };
		7DABC33E1F6A3FF5001FC6E8 /* libSystem.tbd */ = {isa = PBXFileReference; lastKnownFileType = "sourcecode.text-based-dylib-definition"; name = libSystem.tbd; path = usr/lib/libSystem.tbd; sourceTree = SDKROOT; };
		7DB445281F6976F50002FFD6 /* zig */ = {isa = PBXFileReference; explicitFileType = "compiled.mach-o.executable"; includeInIndex = 0; path = zig; sourceTree = BUILT_PRODUCTS_DIR; };
		7DB4452B1F6976F50002FFD6 /* main.swift */ = {isa = PBXFileReference; lastKnownFileType = sourcecode.swift; path = main.swift; sourceTree = "<group>"; };
		7DBB28A21F6D72F600365896 /* Repository.swift */ = {isa = PBXFileReference; fileEncoding = 4; lastKnownFileType = sourcecode.swift; lineEnding = 0; path = Repository.swift; sourceTree = "<group>"; xcLanguageSpecificationIdentifier = xcode.lang.swift; };
		7DBB28A41F6DAC6F00365896 /* ObjectId.swift */ = {isa = PBXFileReference; fileEncoding = 4; lastKnownFileType = sourcecode.swift; path = ObjectId.swift; sourceTree = "<group>"; };
		7DBB28A61F6DB55A00365896 /* Errors.swift */ = {isa = PBXFileReference; fileEncoding = 4; lastKnownFileType = sourcecode.swift; path = Errors.swift; sourceTree = "<group>"; };
		7DBB28A81F6DB5DA00365896 /* CommitView.swift */ = {isa = PBXFileReference; fileEncoding = 4; lastKnownFileType = sourcecode.swift; path = CommitView.swift; sourceTree = "<group>"; };
		7DBB28AA1F6DE86300365896 /* ANSIColor.swift */ = {isa = PBXFileReference; fileEncoding = 4; lastKnownFileType = sourcecode.swift; path = ANSIColor.swift; sourceTree = "<group>"; };
		7DBB28AC1F6E267200365896 /* ObjectLike.swift */ = {isa = PBXFileReference; fileEncoding = 4; lastKnownFileType = sourcecode.swift; lineEnding = 0; path = ObjectLike.swift; sourceTree = "<group>"; xcLanguageSpecificationIdentifier = xcode.lang.swift; };
/* End PBXFileReference section */

/* Begin PBXFrameworksBuildPhase section */
		7DB445251F6976F40002FFD6 /* Frameworks */ = {
			isa = PBXFrameworksBuildPhase;
			buildActionMask = 2147483647;
			files = (
				7DABC33F1F6A3FF5001FC6E8 /* libSystem.tbd in Frameworks */,
			);
			runOnlyForDeploymentPostprocessing = 0;
		};
/* End PBXFrameworksBuildPhase section */

/* Begin PBXGroup section */
		7DABC3291F6A2DBD001FC6E8 /* Frameworks */ = {
			isa = PBXGroup;
			children = (
				7DABC33E1F6A3FF5001FC6E8 /* libSystem.tbd */,
				7DABC32A1F6A2DBD001FC6E8 /* libcommonCrypto.tbd */,
			);
			name = Frameworks;
			sourceTree = "<group>";
		};
		7DB4451F1F6976F40002FFD6 = {
			isa = PBXGroup;
			children = (
				7DB4452A1F6976F50002FFD6 /* zig */,
				7DB445291F6976F50002FFD6 /* Products */,
				7DABC3291F6A2DBD001FC6E8 /* Frameworks */,
			);
			sourceTree = "<group>";
		};
		7DB445291F6976F50002FFD6 /* Products */ = {
			isa = PBXGroup;
			children = (
				7DB445281F6976F50002FFD6 /* zig */,
			);
			name = Products;
			sourceTree = "<group>";
		};
		7DB4452A1F6976F50002FFD6 /* zig */ = {
			isa = PBXGroup;
			children = (
				7DB4452B1F6976F50002FFD6 /* main.swift */,
				7DABC32C1F6A2DE6001FC6E8 /* bridge.h */,
				7DBB28A21F6D72F600365896 /* Repository.swift */,
				7DBB28A41F6DAC6F00365896 /* ObjectId.swift */,
				7DBB28A61F6DB55A00365896 /* Errors.swift */,
				7DBB28A81F6DB5DA00365896 /* CommitView.swift */,
				7DBB28AA1F6DE86300365896 /* ANSIColor.swift */,
				7DBB28AC1F6E267200365896 /* ObjectLike.swift */,
			);
			path = zig;
			sourceTree = "<group>";
		};
/* End PBXGroup section */

/* Begin PBXNativeTarget section */
		7DB445271F6976F40002FFD6 /* zig */ = {
			isa = PBXNativeTarget;
			buildConfigurationList = 7DB4452F1F6976F50002FFD6 /* Build configuration list for PBXNativeTarget "zig" */;
			buildPhases = (
				7DB445241F6976F40002FFD6 /* Sources */,
				7DB445251F6976F40002FFD6 /* Frameworks */,
				7DB445261F6976F40002FFD6 /* CopyFiles */,
			);
			buildRules = (
			);
			dependencies = (
			);
			name = zig;
			productName = zig;
			productReference = 7DB445281F6976F50002FFD6 /* zig */;
			productType = "com.apple.product-type.tool";
		};
/* End PBXNativeTarget section */

/* Begin PBXProject section */
		7DB445201F6976F40002FFD6 /* Project object */ = {
			isa = PBXProject;
			attributes = {
				LastSwiftUpdateCheck = 0830;
				LastUpgradeCheck = 0830;
				ORGANIZATIONNAME = "Matt Gadda";
				TargetAttributes = {
					7DB445271F6976F40002FFD6 = {
						CreatedOnToolsVersion = 8.3.3;
						DevelopmentTeam = 2Y6GJ8UUTH;
						ProvisioningStyle = Automatic;
					};
				};
			};
			buildConfigurationList = 7DB445231F6976F40002FFD6 /* Build configuration list for PBXProject "zig" */;
			compatibilityVersion = "Xcode 3.2";
			developmentRegion = English;
			hasScannedForEncodings = 0;
			knownRegions = (
				en,
			);
			mainGroup = 7DB4451F1F6976F40002FFD6;
			productRefGroup = 7DB445291F6976F50002FFD6 /* Products */;
			projectDirPath = "";
			projectRoot = "";
			targets = (
				7DB445271F6976F40002FFD6 /* zig */,
			);
		};
/* End PBXProject section */

/* Begin PBXSourcesBuildPhase section */
		7DB445241F6976F40002FFD6 /* Sources */ = {
			isa = PBXSourcesBuildPhase;
			buildActionMask = 2147483647;
			files = (
				7DB4452C1F6976F50002FFD6 /* main.swift in Sources */,
				7DBB28A71F6DB55A00365896 /* Errors.swift in Sources */,
				7DBB28AB1F6DE86300365896 /* ANSIColor.swift in Sources */,
				7DBB28A51F6DAC6F00365896 /* ObjectId.swift in Sources */,
				7DBB28A31F6D72F600365896 /* Repository.swift in Sources */,
				7DBB28A91F6DB5DA00365896 /* CommitView.swift in Sources */,
				7DBB28AD1F6E267200365896 /* ObjectLike.swift in Sources */,
			);
			runOnlyForDeploymentPostprocessing = 0;
		};
/* End PBXSourcesBuildPhase section */

/* Begin XCBuildConfiguration section */
		7DB4452D1F6976F50002FFD6 /* Debug */ = {
			isa = XCBuildConfiguration;
			buildSettings = {
				ALWAYS_SEARCH_USER_PATHS = NO;
				CLANG_ANALYZER_NONNULL = YES;
				CLANG_ANALYZER_NUMBER_OBJECT_CONVERSION = YES_AGGRESSIVE;
				CLANG_CXX_LANGUAGE_STANDARD = "gnu++0x";
				CLANG_CXX_LIBRARY = "libc++";
				CLANG_ENABLE_MODULES = YES;
				CLANG_ENABLE_OBJC_ARC = YES;
				CLANG_WARN_BOOL_CONVERSION = YES;
				CLANG_WARN_CONSTANT_CONVERSION = YES;
				CLANG_WARN_DIRECT_OBJC_ISA_USAGE = YES_ERROR;
				CLANG_WARN_DOCUMENTATION_COMMENTS = YES;
				CLANG_WARN_EMPTY_BODY = YES;
				CLANG_WARN_ENUM_CONVERSION = YES;
				CLANG_WARN_INFINITE_RECURSION = YES;
				CLANG_WARN_INT_CONVERSION = YES;
				CLANG_WARN_OBJC_ROOT_CLASS = YES_ERROR;
				CLANG_WARN_SUSPICIOUS_MOVE = YES;
				CLANG_WARN_UNREACHABLE_CODE = YES;
				CLANG_WARN__DUPLICATE_METHOD_MATCH = YES;
				CODE_SIGN_IDENTITY = "-";
				COPY_PHASE_STRIP = NO;
				DEBUG_INFORMATION_FORMAT = dwarf;
				ENABLE_STRICT_OBJC_MSGSEND = YES;
				ENABLE_TESTABILITY = YES;
				GCC_C_LANGUAGE_STANDARD = gnu99;
				GCC_DYNAMIC_NO_PIC = NO;
				GCC_NO_COMMON_BLOCKS = YES;
				GCC_OPTIMIZATION_LEVEL = 0;
				GCC_PREPROCESSOR_DEFINITIONS = (
					"DEBUG=1",
					"$(inherited)",
				);
				GCC_WARN_64_TO_32_BIT_CONVERSION = YES;
				GCC_WARN_ABOUT_RETURN_TYPE = YES_ERROR;
				GCC_WARN_UNDECLARED_SELECTOR = YES;
				GCC_WARN_UNINITIALIZED_AUTOS = YES_AGGRESSIVE;
				GCC_WARN_UNUSED_FUNCTION = YES;
				GCC_WARN_UNUSED_VARIABLE = YES;
				MACOSX_DEPLOYMENT_TARGET = 10.12;
				MTL_ENABLE_DEBUG_INFO = YES;
				ONLY_ACTIVE_ARCH = YES;
				SDKROOT = macosx;
				SWIFT_OPTIMIZATION_LEVEL = "-Onone";
			};
			name = Debug;
		};
		7DB4452E1F6976F50002FFD6 /* Release */ = {
			isa = XCBuildConfiguration;
			buildSettings = {
				ALWAYS_SEARCH_USER_PATHS = NO;
				CLANG_ANALYZER_NONNULL = YES;
				CLANG_ANALYZER_NUMBER_OBJECT_CONVERSION = YES_AGGRESSIVE;
				CLANG_CXX_LANGUAGE_STANDARD = "gnu++0x";
				CLANG_CXX_LIBRARY = "libc++";
				CLANG_ENABLE_MODULES = YES;
				CLANG_ENABLE_OBJC_ARC = YES;
				CLANG_WARN_BOOL_CONVERSION = YES;
				CLANG_WARN_CONSTANT_CONVERSION = YES;
				CLANG_WARN_DIRECT_OBJC_ISA_USAGE = YES_ERROR;
				CLANG_WARN_DOCUMENTATION_COMMENTS = YES;
				CLANG_WARN_EMPTY_BODY = YES;
				CLANG_WARN_ENUM_CONVERSION = YES;
				CLANG_WARN_INFINITE_RECURSION = YES;
				CLANG_WARN_INT_CONVERSION = YES;
				CLANG_WARN_OBJC_ROOT_CLASS = YES_ERROR;
				CLANG_WARN_SUSPICIOUS_MOVE = YES;
				CLANG_WARN_UNREACHABLE_CODE = YES;
				CLANG_WARN__DUPLICATE_METHOD_MATCH = YES;
				CODE_SIGN_IDENTITY = "-";
				COPY_PHASE_STRIP = NO;
				DEBUG_INFORMATION_FORMAT = "dwarf-with-dsym";
				ENABLE_NS_ASSERTIONS = NO;
				ENABLE_STRICT_OBJC_MSGSEND = YES;
				GCC_C_LANGUAGE_STANDARD = gnu99;
				GCC_NO_COMMON_BLOCKS = YES;
				GCC_WARN_64_TO_32_BIT_CONVERSION = YES;
				GCC_WARN_ABOUT_RETURN_TYPE = YES_ERROR;
				GCC_WARN_UNDECLARED_SELECTOR = YES;
				GCC_WARN_UNINITIALIZED_AUTOS = YES_AGGRESSIVE;
				GCC_WARN_UNUSED_FUNCTION = YES;
				GCC_WARN_UNUSED_VARIABLE = YES;
				MACOSX_DEPLOYMENT_TARGET = 10.12;
				MTL_ENABLE_DEBUG_INFO = NO;
				SDKROOT = macosx;
			};
			name = Release;
		};
		7DB445301F6976F50002FFD6 /* Debug */ = {
			isa = XCBuildConfiguration;
			buildSettings = {
				DEVELOPMENT_TEAM = 2Y6GJ8UUTH;
				LIBRARY_SEARCH_PATHS = (
					"$(inherited)",
					"$(SDKROOT)/usr/lib/system",
				);
				PRODUCT_NAME = "$(TARGET_NAME)";
				SWIFT_OBJC_BRIDGING_HEADER = zig/bridge.h;
				SWIFT_VERSION = 3.0;
			};
			name = Debug;
		};
		7DB445311F6976F50002FFD6 /* Release */ = {
			isa = XCBuildConfiguration;
			buildSettings = {
				DEVELOPMENT_TEAM = 2Y6GJ8UUTH;
				LIBRARY_SEARCH_PATHS = (
					"$(inherited)",
					"$(SDKROOT)/usr/lib/system",
				);
				PRODUCT_NAME = "$(TARGET_NAME)";
				SWIFT_OBJC_BRIDGING_HEADER = zig/bridge.h;
				SWIFT_VERSION = 3.0;
			};
			name = Release;
		};
/* End XCBuildConfiguration section */

/* Begin XCConfigurationList section */
		7DB445231F6976F40002FFD6 /* Build configuration list for PBXProject "zig" */ = {
			isa = XCConfigurationList;
			buildConfigurations = (
				7DB4452D1F6976F50002FFD6 /* Debug */,
				7DB4452E1F6976F50002FFD6 /* Release */,
			);
			defaultConfigurationIsVisible = 0;
			defaultConfigurationName = Release;
		};
		7DB4452F1F6976F50002FFD6 /* Build configuration list for PBXNativeTarget "zig" */ = {
			isa = XCConfigurationList;
			buildConfigurations = (
				7DB445301F6976F50002FFD6 /* Debug */,
				7DB445311F6976F50002FFD6 /* Release */,
			);
			defaultConfigurationIsVisible = 0;
			defaultConfigurationName = Release;
		};
/* End XCConfigurationList section */
	};
	rootObject = 7DB445201F6976F40002FFD6 /* Project object */;
}
